<?xml version="1.0" encoding="utf-8"?>
<Project ToolsVersion="4.0" xmlns="http://schemas.microsoft.com/developer/msbuild/2003">
  <ItemGroup>
    <Filter Include="Source Files">
      <UniqueIdentifier>{4FC737F1-C7A5-4376-A066-2A32D752A2FF}</UniqueIdentifier>
      <Extensions>cpp;c;cc;cxx;c++;cppm;ixx;def;odl;idl;hpj;bat;asm;asmx</Extensions>
    </Filter>
    <Filter Include="Header Files">
      <UniqueIdentifier>{93995380-89BD-4b04-88EB-625FBE52EBFB}</UniqueIdentifier>
      <Extensions>h;hh;hpp;hxx;h++;hm;inl;inc;ipp;xsd</Extensions>
    </Filter>
    <Filter Include="Resource Files">
      <UniqueIdentifier>{67DA6AB6-F800-4c08-8B7A-83BB121AAD01}</UniqueIdentifier>
      <Extensions>rc;ico;cur;bmp;dlg;rc2;rct;bin;rgs;gif;jpg;jpeg;jpe;resx;tiff;tif;png;wav;mfcribbon-ms</Extensions>
    </Filter>
  </ItemGroup>
  <ItemGroup>
    <ClCompile Include="main.cpp">
      <Filter>Source Files</Filter>
    </ClCompile>
    <ClCompile Include="..\..\..\RobotArm\RobotArm\Source.cpp">
      <Filter>Source Files</Filter>
    </ClCompile>
    <ClCompile Include="testHand.cpp">
      <Filter>Source Files</Filter>
    </ClCompile>
  </ItemGroup>
  <ItemGroup>
    <Image Include="bladePlane.bmp">
      <Filter>Resource Files</Filter>
    </Image>
    <Image Include="bluePlane.bmp">
      <Filter>Resource Files</Filter>
    </Image>
    <Image Include="body.bmp">
      <Filter>Resource Files</Filter>
    </Image>
    <Image Include="body2.bmp">
      <Filter>Resource Files</Filter>
    </Image>
    <Image Include="bullet.bmp">
      <Filter>Resource Files</Filter>
    </Image>
    <Image Include="damageBody.bmp">
      <Filter>Resource Files</Filter>
    </Image>
    <Image Include="damageLeg.bmp">
      <Filter>Resource Files</Filter>
    </Image>
    <Image Include="damageShoulder.bmp">
      <Filter>Resource Files</Filter>
    </Image>
    <Image Include="darkGreyMetal.bmp">
      <Filter>Resource Files</Filter>
    </Image>
    <Image Include="eye.bmp">
      <Filter>Resource Files</Filter>
    </Image>
    <Image Include="eye2.bmp">
      <Filter>Resource Files</Filter>
    </Image>
    <Image Include="head.bmp">
      <Filter>Resource Files</Filter>
    </Image>
    <Image Include="head2.bmp">
      <Filter>Resource Files</Filter>
    </Image>
    <Image Include="head3.bmp">
      <Filter>Resource Files</Filter>
    </Image>
    <Image Include="kunai.bmp">
      <Filter>Resource Files</Filter>
    </Image>
    <Image Include="kunai2.bmp">
      <Filter>Resource Files</Filter>
    </Image>
    <Image Include="lavaStone.bmp">
      <Filter>Resource Files</Filter>
    </Image>
    <Image Include="lavaStone2.bmp">
      <Filter>Resource Files</Filter>
    </Image>
    <Image Include="leg.bmp">
      <Filter>Resource Files</Filter>
    </Image>
    <Image Include="leg2.bmp">
      <Filter>Resource Files</Filter>
    </Image>
    <Image Include="leg3.bmp">
      <Filter>Resource Files</Filter>
    </Image>
    <Image Include="leg4.bmp">
      <Filter>Resource Files</Filter>
    </Image>
    <Image Include="leg5.bmp">
      <Filter>Resource Files</Filter>
    </Image>
    <Image Include="legTip.bmp">
      <Filter>Resource Files</Filter>
    </Image>
    <Image Include="metal.bmp">
      <Filter>Resource Files</Filter>
    </Image>
    <Image Include="metal2.bmp">
      <Filter>Resource Files</Filter>
    </Image>
    <Image Include="metal3.bmp">
      <Filter>Resource Files</Filter>
    </Image>
    <Image Include="metal4.bmp">
      <Filter>Resource Files</Filter>
    </Image>
    <Image Include="metal5.bmp">
      <Filter>Resource Files</Filter>
    </Image>
    <Image Include="mothEye.bmp">
      <Filter>Resource Files</Filter>
    </Image>
    <Image Include="mothEye2.bmp">
      <Filter>Resource Files</Filter>
    </Image>
    <Image Include="nailCover.bmp">
      <Filter>Resource Files</Filter>
    </Image>
    <Image Include="nailMovement.bmp">
      <Filter>Resource Files</Filter>
    </Image>
    <Image Include="neck.bmp">
      <Filter>Resource Files</Filter>
    </Image>
    <Image Include="neck2.bmp">
      <Filter>Resource Files</Filter>
    </Image>
    <Image Include="shoulder.bmp">
      <Filter>Resource Files</Filter>
    </Image>
    <Image Include="shoulder2.bmp">
      <Filter>Resource Files</Filter>
    </Image>
    <Image Include="starStrip.bmp">
      <Filter>Resource Files</Filter>
    </Image>
    <Image Include="starStrip2.bmp">
      <Filter>Resource Files</Filter>
    </Image>
    <Image Include="upperKunai.bmp">
      <Filter>Resource Files</Filter>
    </Image>
    <Image Include="4bluePlane.bmp">
      <Filter>Resource Files</Filter>
    </Image>
    <Image Include="blackMetal.bmp">
      <Filter>Resource Files</Filter>
    </Image>
    <Image Include="damageEye.bmp">
      <Filter>Resource Files</Filter>
    </Image>
    <Image Include="damageLowerShoulder.bmp">
      <Filter>Resource Files</Filter>
    </Image>
    <Image Include="finger.bmp">
      <Filter>Resource Files</Filter>
    </Image>
    <Image Include="gunMagazine.bmp">
      <Filter>Resource Files</Filter>
    </Image>
    <Image Include="lowerStand.bmp">
      <Filter>Resource Files</Filter>
    </Image>
    <Image Include="purpleMetal.bmp">
      <Filter>Resource Files</Filter>
    </Image>
    <Image Include="stand1.bmp">
      <Filter>Resource Files</Filter>
    </Image>
    <Image Include="waist.bmp">
      <Filter>Resource Files</Filter>
    </Image>
  </ItemGroup>
</Project>